
Microsoft Visual Studio Solution File, Format Version 12.00
# Visual Studio Version 16
VisualStudioVersion = 16.0.32802.440
MinimumVisualStudioVersion = 10.0.40219.1
Project("{FAE04EC0-301F-11D3-BF4B-00C04F79EFBC}") = "MCR", "MCR.csproj", "{08BF3DF9-AE26-4F35-BFDA-0FA1E62F3E6F}"
EndProject
Global
	GlobalSection(SolutionConfigurationPlatforms) = preSolution
		Debug|Any CPU = Debug|Any CPU
		Release|Any CPU = Release|Any CPU
	EndGlobalSection
	GlobalSection(ProjectConfigurationPlatforms) = postSolution
		{08BF3DF9-AE26-4F35-BFDA-0FA1E62F3E6F}.Debug|Any CPU.ActiveCfg = Debug|Any CPU
		{08BF3DF9-AE26-4F35-BFDA-0FA1E62F3E6F}.Debug|Any CPU.Build.0 = Debug|Any CPU
		{08BF3DF9-AE26-4F35-BFDA-0FA1E62F3E6F}.Release|Any CPU.ActiveCfg = Release|Any CPU
		{08BF3DF9-AE26-4F35-BFDA-0FA1E62F3E6F}.Release|Any CPU.Build.0 = Release|Any CPU
	EndGlobalSection
	GlobalSection(SolutionProperties) = preSolution
		HideSolutionNode = FALSE
	EndGlobalSection
	GlobalSection(ExtensibilityGlobals) = postSolution
		SolutionGuid = {01E713C7-3B0B-4FE9-9A62-4780684C4AE5}
	EndGlobalSection
EndGlobal
